
Microsoft Visual Studio Solution File, Format Version 12.00
# Visual Studio Version 17
VisualStudioVersion = 17.9.34728.123
MinimumVisualStudioVersion = 10.0.40219.1
Project("{FAE04EC0-301F-11D3-BF4B-00C04F79EFBC}") = "WpfApp3", "WpfApp3\WpfApp3.csproj", "{A8D5C89F-D91B-4E30-93FE-A907EB415591}"
EndProject
Global
	GlobalSection(SolutionConfigurationPlatforms) = preSolution
		Debug|Any CPU = Debug|Any CPU
		Release|Any CPU = Release|Any CPU
	EndGlobalSection
	GlobalSection(ProjectConfigurationPlatforms) = postSolution
		{A8D5C89F-D91B-4E30-93FE-A907EB415591}.Debug|Any CPU.ActiveCfg = Debug|Any CPU
		{A8D5C89F-D91B-4E30-93FE-A907EB415591}.Debug|Any CPU.Build.0 = Debug|Any CPU
		{A8D5C89F-D91B-4E30-93FE-A907EB415591}.Release|Any CPU.ActiveCfg = Release|Any CPU
		{A8D5C89F-D91B-4E30-93FE-A907EB415591}.Release|Any CPU.Build.0 = Release|Any CPU
	EndGlobalSection
	GlobalSection(SolutionProperties) = preSolution
		HideSolutionNode = FALSE
	EndGlobalSection
	GlobalSection(ExtensibilityGlobals) = postSolution
		SolutionGuid = {BD84BC5C-E579-484C-AD93-4185E116F4AB}
	EndGlobalSection
EndGlobal
